{
  "name": "exercise",
  "version": "1.0.0",
  "lockfileVersion": 1,
  "requires": true,
  "dependencies": {
    "multiplication": {
      "version": "0.0.1",
      "resolved": "https://registry.npmjs.org/multiplication/-/multiplication-0.0.1.tgz",
      "integrity": "sha512-hbMvfIfyHkH0SpSJPau0QVqcWDsf0LGXWrSSGpYh4Rt6AD/lXkdE1zwNPoUaZxYoMf546/fEECkpmA0I3ETpKw=="
    }
  }
}
